
Microsoft Visual Studio Solution File, Format Version 12.00
# Visual Studio Version 16
VisualStudioVersion = 16.0.30114.105
MinimumVisualStudioVersion = 10.0.40219.1
Project("{FAE04EC0-301F-11D3-BF4B-00C04F79EFBC}") = "API", "API\API.csproj", "{B79BB688-1125-4C04-B46A-D61B9FBA105C}"
EndProject
Project("{FAE04EC0-301F-11D3-BF4B-00C04F79EFBC}") = "Core", "Core\Core.csproj", "{305FCF2D-6F93-49A4-B8CA-252E9291C428}"
EndProject
Project("{FAE04EC0-301F-11D3-BF4B-00C04F79EFBC}") = "Infrastructure", "Infrastructure\Infrastructure.csproj", "{55FDA9D1-0683-4828-9C8C-3E1184FD89C0}"
EndProject
Global
	GlobalSection(SolutionConfigurationPlatforms) = preSolution
		Debug|Any CPU = Debug|Any CPU
		Debug|x64 = Debug|x64
		Debug|x86 = Debug|x86
		Release|Any CPU = Release|Any CPU
		Release|x64 = Release|x64
		Release|x86 = Release|x86
	EndGlobalSection
	GlobalSection(SolutionProperties) = preSolution
		HideSolutionNode = FALSE
	EndGlobalSection
	GlobalSection(ProjectConfigurationPlatforms) = postSolution
		{B79BB688-1125-4C04-B46A-D61B9FBA105C}.Debug|Any CPU.ActiveCfg = Debug|Any CPU
		{B79BB688-1125-4C04-B46A-D61B9FBA105C}.Debug|Any CPU.Build.0 = Debug|Any CPU
		{B79BB688-1125-4C04-B46A-D61B9FBA105C}.Debug|x64.ActiveCfg = Debug|Any CPU
		{B79BB688-1125-4C04-B46A-D61B9FBA105C}.Debug|x64.Build.0 = Debug|Any CPU
		{B79BB688-1125-4C04-B46A-D61B9FBA105C}.Debug|x86.ActiveCfg = Debug|Any CPU
		{B79BB688-1125-4C04-B46A-D61B9FBA105C}.Debug|x86.Build.0 = Debug|Any CPU
		{B79BB688-1125-4C04-B46A-D61B9FBA105C}.Release|Any CPU.ActiveCfg = Release|Any CPU
		{B79BB688-1125-4C04-B46A-D61B9FBA105C}.Release|Any CPU.Build.0 = Release|Any CPU
		{B79BB688-1125-4C04-B46A-D61B9FBA105C}.Release|x64.ActiveCfg = Release|Any CPU
		{B79BB688-1125-4C04-B46A-D61B9FBA105C}.Release|x64.Build.0 = Release|Any CPU
		{B79BB688-1125-4C04-B46A-D61B9FBA105C}.Release|x86.ActiveCfg = Release|Any CPU
		{B79BB688-1125-4C04-B46A-D61B9FBA105C}.Release|x86.Build.0 = Release|Any CPU
		{305FCF2D-6F93-49A4-B8CA-252E9291C428}.Debug|Any CPU.ActiveCfg = Debug|Any CPU
		{305FCF2D-6F93-49A4-B8CA-252E9291C428}.Debug|Any CPU.Build.0 = Debug|Any CPU
		{305FCF2D-6F93-49A4-B8CA-252E9291C428}.Debug|x64.ActiveCfg = Debug|Any CPU
		{305FCF2D-6F93-49A4-B8CA-252E9291C428}.Debug|x64.Build.0 = Debug|Any CPU
		{305FCF2D-6F93-49A4-B8CA-252E9291C428}.Debug|x86.ActiveCfg = Debug|Any CPU
		{305FCF2D-6F93-49A4-B8CA-252E9291C428}.Debug|x86.Build.0 = Debug|Any CPU
		{305FCF2D-6F93-49A4-B8CA-252E9291C428}.Release|Any CPU.ActiveCfg = Release|Any CPU
		{305FCF2D-6F93-49A4-B8CA-252E9291C428}.Release|Any CPU.Build.0 = Release|Any CPU
		{305FCF2D-6F93-49A4-B8CA-252E9291C428}.Release|x64.ActiveCfg = Release|Any CPU
		{305FCF2D-6F93-49A4-B8CA-252E9291C428}.Release|x64.Build.0 = Release|Any CPU
		{305FCF2D-6F93-49A4-B8CA-252E9291C428}.Release|x86.ActiveCfg = Release|Any CPU
		{305FCF2D-6F93-49A4-B8CA-252E9291C428}.Release|x86.Build.0 = Release|Any CPU
		{55FDA9D1-0683-4828-9C8C-3E1184FD89C0}.Debug|Any CPU.ActiveCfg = Debug|Any CPU
		{55FDA9D1-0683-4828-9C8C-3E1184FD89C0}.Debug|Any CPU.Build.0 = Debug|Any CPU
		{55FDA9D1-0683-4828-9C8C-3E1184FD89C0}.Debug|x64.ActiveCfg = Debug|Any CPU
		{55FDA9D1-0683-4828-9C8C-3E1184FD89C0}.Debug|x64.Build.0 = Debug|Any CPU
		{55FDA9D1-0683-4828-9C8C-3E1184FD89C0}.Debug|x86.ActiveCfg = Debug|Any CPU
		{55FDA9D1-0683-4828-9C8C-3E1184FD89C0}.Debug|x86.Build.0 = Debug|Any CPU
		{55FDA9D1-0683-4828-9C8C-3E1184FD89C0}.Release|Any CPU.ActiveCfg = Release|Any CPU
		{55FDA9D1-0683-4828-9C8C-3E1184FD89C0}.Release|Any CPU.Build.0 = Release|Any CPU
		{55FDA9D1-0683-4828-9C8C-3E1184FD89C0}.Release|x64.ActiveCfg = Release|Any CPU
		{55FDA9D1-0683-4828-9C8C-3E1184FD89C0}.Release|x64.Build.0 = Release|Any CPU
		{55FDA9D1-0683-4828-9C8C-3E1184FD89C0}.Release|x86.ActiveCfg = Release|Any CPU
		{55FDA9D1-0683-4828-9C8C-3E1184FD89C0}.Release|x86.Build.0 = Release|Any CPU
	EndGlobalSection
EndGlobal
